
Microsoft Visual Studio Solution File, Format Version 12.00
# Visual Studio Version 17
VisualStudioVersion = 17.14.36401.2 d17.14
MinimumVisualStudioVersion = 10.0.40219.1
Project("{FAE04EC0-301F-11D3-BF4B-00C04F79EFBC}") = "SchoolManagement", "SchoolManagement\SchoolManagement.csproj", "{34B96A1F-972E-40B5-BC08-440A6D2C75FE}"
EndProject
Global
	GlobalSection(SolutionConfigurationPlatforms) = preSolution
		Debug|Any CPU = Debug|Any CPU
		Release|Any CPU = Release|Any CPU
	EndGlobalSection
	GlobalSection(ProjectConfigurationPlatforms) = postSolution
		{34B96A1F-972E-40B5-BC08-440A6D2C75FE}.Debug|Any CPU.ActiveCfg = Debug|Any CPU
		{34B96A1F-972E-40B5-BC08-440A6D2C75FE}.Debug|Any CPU.Build.0 = Debug|Any CPU
		{34B96A1F-972E-40B5-BC08-440A6D2C75FE}.Release|Any CPU.ActiveCfg = Release|Any CPU
		{34B96A1F-972E-40B5-BC08-440A6D2C75FE}.Release|Any CPU.Build.0 = Release|Any CPU
	EndGlobalSection
	GlobalSection(SolutionProperties) = preSolution
		HideSolutionNode = FALSE
	EndGlobalSection
	GlobalSection(ExtensibilityGlobals) = postSolution
		SolutionGuid = {115A594D-88A5-458D-BFF1-93AAA5C3FDCD}
	EndGlobalSection
EndGlobal
